
Microsoft Visual Studio Solution File, Format Version 12.00
# Visual Studio Version 17
VisualStudioVersion = 17.6.33801.468
MinimumVisualStudioVersion = 10.0.40219.1
Project("{FAE04EC0-301F-11D3-BF4B-00C04F79EFBC}") = "DarkSky_OLD", "DarkSky_OLD\DarkSky_OLD.csproj", "{37A8E647-825F-4F08-8B9E-F3E44D7E00D9}"
EndProject
Project("{FAE04EC0-301F-11D3-BF4B-00C04F79EFBC}") = "Cube.UI", "Cube.UI\Cube.UI.csproj", "{3A46BE0F-AB80-40EC-955D-2F97CB1BA4F2}"
EndProject
Project("{9A19103F-16F7-4668-BE54-9A1E7A4F7556}") = "DarkSky.Core", "DarkSky.Core\DarkSky.Core.csproj", "{B1168068-F787-4CB9-B5A8-DB6B9860B1CA}"
EndProject
Project("{D954291E-2A0B-460D-934E-DC6B0785DB48}") = "DarkSky.Shared", "DarkSky\DarkSky.Shared\DarkSky.Shared.shproj", "{6279C845-92F8-4333-AB99-3D213163593C}"
EndProject
Project("{FAE04EC0-301F-11D3-BF4B-00C04F79EFBC}") = "DarkSky.Mobile", "DarkSky\DarkSky.Mobile\DarkSky.Mobile.csproj", "{AE295709-5EB1-45B7-A9C8-36FC089138F1}"
EndProject
Project("{FAE04EC0-301F-11D3-BF4B-00C04F79EFBC}") = "DarkSky.Uwp", "DarkSky\DarkSky.UWP\DarkSky.Uwp.csproj", "{77FED5E0-E61E-42F3-BC74-267A90FFA1D3}"
EndProject
Project("{FAE04EC0-301F-11D3-BF4B-00C04F79EFBC}") = "DarkSky.Skia.Gtk", "DarkSky\DarkSky.Skia.Gtk\DarkSky.Skia.Gtk.csproj", "{A4738FAA-374D-4679-845A-7F5DDFEF7259}"
EndProject
Project("{FAE04EC0-301F-11D3-BF4B-00C04F79EFBC}") = "DarkSky.Skia.Wpf", "DarkSky\DarkSky.Skia.WPF\DarkSky.Skia.Wpf.csproj", "{9BA68E77-3566-4BEF-A668-F92FEFC3485F}"
EndProject
Project("{FAE04EC0-301F-11D3-BF4B-00C04F79EFBC}") = "DarkSky.Skia.Linux.FrameBuffer", "DarkSky\DarkSky.Skia.Linux.FrameBuffer\DarkSky.Skia.Linux.FrameBuffer.csproj", "{A63DF43C-1975-46BD-AA63-24DB72517854}"
EndProject
Global
	GlobalSection(SolutionConfigurationPlatforms) = preSolution
		Debug|Any CPU = Debug|Any CPU
		Debug|ARM = Debug|ARM
		Debug|ARM64 = Debug|ARM64
		Debug|x64 = Debug|x64
		Debug|x86 = Debug|x86
		Release|Any CPU = Release|Any CPU
		Release|ARM = Release|ARM
		Release|ARM64 = Release|ARM64
		Release|x64 = Release|x64
		Release|x86 = Release|x86
	EndGlobalSection
	GlobalSection(ProjectConfigurationPlatforms) = postSolution
		{37A8E647-825F-4F08-8B9E-F3E44D7E00D9}.Debug|Any CPU.ActiveCfg = Debug|x64
		{37A8E647-825F-4F08-8B9E-F3E44D7E00D9}.Debug|Any CPU.Build.0 = Debug|x64
		{37A8E647-825F-4F08-8B9E-F3E44D7E00D9}.Debug|Any CPU.Deploy.0 = Debug|x64
		{37A8E647-825F-4F08-8B9E-F3E44D7E00D9}.Debug|ARM.ActiveCfg = Debug|ARM
		{37A8E647-825F-4F08-8B9E-F3E44D7E00D9}.Debug|ARM.Build.0 = Debug|ARM
		{37A8E647-825F-4F08-8B9E-F3E44D7E00D9}.Debug|ARM.Deploy.0 = Debug|ARM
		{37A8E647-825F-4F08-8B9E-F3E44D7E00D9}.Debug|ARM64.ActiveCfg = Debug|ARM64
		{37A8E647-825F-4F08-8B9E-F3E44D7E00D9}.Debug|ARM64.Build.0 = Debug|ARM64
		{37A8E647-825F-4F08-8B9E-F3E44D7E00D9}.Debug|ARM64.Deploy.0 = Debug|ARM64
		{37A8E647-825F-4F08-8B9E-F3E44D7E00D9}.Debug|x64.ActiveCfg = Debug|x64
		{37A8E647-825F-4F08-8B9E-F3E44D7E00D9}.Debug|x64.Build.0 = Debug|x64
		{37A8E647-825F-4F08-8B9E-F3E44D7E00D9}.Debug|x64.Deploy.0 = Debug|x64
		{37A8E647-825F-4F08-8B9E-F3E44D7E00D9}.Debug|x86.ActiveCfg = Debug|x86
		{37A8E647-825F-4F08-8B9E-F3E44D7E00D9}.Debug|x86.Build.0 = Debug|x86
		{37A8E647-825F-4F08-8B9E-F3E44D7E00D9}.Debug|x86.Deploy.0 = Debug|x86
		{37A8E647-825F-4F08-8B9E-F3E44D7E00D9}.Release|Any CPU.ActiveCfg = Release|x64
		{37A8E647-825F-4F08-8B9E-F3E44D7E00D9}.Release|Any CPU.Build.0 = Release|x64
		{37A8E647-825F-4F08-8B9E-F3E44D7E00D9}.Release|Any CPU.Deploy.0 = Release|x64
		{37A8E647-825F-4F08-8B9E-F3E44D7E00D9}.Release|ARM.ActiveCfg = Release|ARM
		{37A8E647-825F-4F08-8B9E-F3E44D7E00D9}.Release|ARM.Build.0 = Release|ARM
		{37A8E647-825F-4F08-8B9E-F3E44D7E00D9}.Release|ARM.Deploy.0 = Release|ARM
		{37A8E647-825F-4F08-8B9E-F3E44D7E00D9}.Release|ARM64.ActiveCfg = Release|ARM64
		{37A8E647-825F-4F08-8B9E-F3E44D7E00D9}.Release|ARM64.Build.0 = Release|ARM64
		{37A8E647-825F-4F08-8B9E-F3E44D7E00D9}.Release|ARM64.Deploy.0 = Release|ARM64
		{37A8E647-825F-4F08-8B9E-F3E44D7E00D9}.Release|x64.ActiveCfg = Release|x64
		{37A8E647-825F-4F08-8B9E-F3E44D7E00D9}.Release|x64.Build.0 = Release|x64
		{37A8E647-825F-4F08-8B9E-F3E44D7E00D9}.Release|x64.Deploy.0 = Release|x64
		{37A8E647-825F-4F08-8B9E-F3E44D7E00D9}.Release|x86.ActiveCfg = Release|x86
		{37A8E647-825F-4F08-8B9E-F3E44D7E00D9}.Release|x86.Build.0 = Release|x86
		{37A8E647-825F-4F08-8B9E-F3E44D7E00D9}.Release|x86.Deploy.0 = Release|x86
		{3A46BE0F-AB80-40EC-955D-2F97CB1BA4F2}.Debug|Any CPU.ActiveCfg = Debug|Any CPU
		{3A46BE0F-AB80-40EC-955D-2F97CB1BA4F2}.Debug|Any CPU.Build.0 = Debug|Any CPU
		{3A46BE0F-AB80-40EC-955D-2F97CB1BA4F2}.Debug|ARM.ActiveCfg = Debug|ARM
		{3A46BE0F-AB80-40EC-955D-2F97CB1BA4F2}.Debug|ARM.Build.0 = Debug|ARM
		{3A46BE0F-AB80-40EC-955D-2F97CB1BA4F2}.Debug|ARM64.ActiveCfg = Debug|ARM64
		{3A46BE0F-AB80-40EC-955D-2F97CB1BA4F2}.Debug|ARM64.Build.0 = Debug|ARM64
		{3A46BE0F-AB80-40EC-955D-2F97CB1BA4F2}.Debug|x64.ActiveCfg = Debug|x64
		{3A46BE0F-AB80-40EC-955D-2F97CB1BA4F2}.Debug|x64.Build.0 = Debug|x64
		{3A46BE0F-AB80-40EC-955D-2F97CB1BA4F2}.Debug|x86.ActiveCfg = Debug|x86
		{3A46BE0F-AB80-40EC-955D-2F97CB1BA4F2}.Debug|x86.Build.0 = Debug|x86
		{3A46BE0F-AB80-40EC-955D-2F97CB1BA4F2}.Release|Any CPU.ActiveCfg = Release|Any CPU
		{3A46BE0F-AB80-40EC-955D-2F97CB1BA4F2}.Release|Any CPU.Build.0 = Release|Any CPU
		{3A46BE0F-AB80-40EC-955D-2F97CB1BA4F2}.Release|ARM.ActiveCfg = Release|ARM
		{3A46BE0F-AB80-40EC-955D-2F97CB1BA4F2}.Release|ARM.Build.0 = Release|ARM
		{3A46BE0F-AB80-40EC-955D-2F97CB1BA4F2}.Release|ARM64.ActiveCfg = Release|ARM64
		{3A46BE0F-AB80-40EC-955D-2F97CB1BA4F2}.Release|ARM64.Build.0 = Release|ARM64
		{3A46BE0F-AB80-40EC-955D-2F97CB1BA4F2}.Release|x64.ActiveCfg = Release|x64
		{3A46BE0F-AB80-40EC-955D-2F97CB1BA4F2}.Release|x64.Build.0 = Release|x64
		{3A46BE0F-AB80-40EC-955D-2F97CB1BA4F2}.Release|x86.ActiveCfg = Release|x86
		{3A46BE0F-AB80-40EC-955D-2F97CB1BA4F2}.Release|x86.Build.0 = Release|x86
		{B1168068-F787-4CB9-B5A8-DB6B9860B1CA}.Debug|Any CPU.ActiveCfg = Debug|Any CPU
		{B1168068-F787-4CB9-B5A8-DB6B9860B1CA}.Debug|Any CPU.Build.0 = Debug|Any CPU
		{B1168068-F787-4CB9-B5A8-DB6B9860B1CA}.Debug|ARM.ActiveCfg = Debug|Any CPU
		{B1168068-F787-4CB9-B5A8-DB6B9860B1CA}.Debug|ARM.Build.0 = Debug|Any CPU
		{B1168068-F787-4CB9-B5A8-DB6B9860B1CA}.Debug|ARM64.ActiveCfg = Debug|Any CPU
		{B1168068-F787-4CB9-B5A8-DB6B9860B1CA}.Debug|ARM64.Build.0 = Debug|Any CPU
		{B1168068-F787-4CB9-B5A8-DB6B9860B1CA}.Debug|x64.ActiveCfg = Debug|Any CPU
		{B1168068-F787-4CB9-B5A8-DB6B9860B1CA}.Debug|x64.Build.0 = Debug|Any CPU
		{B1168068-F787-4CB9-B5A8-DB6B9860B1CA}.Debug|x86.ActiveCfg = Debug|Any CPU
		{B1168068-F787-4CB9-B5A8-DB6B9860B1CA}.Debug|x86.Build.0 = Debug|Any CPU
		{B1168068-F787-4CB9-B5A8-DB6B9860B1CA}.Release|Any CPU.ActiveCfg = Release|Any CPU
		{B1168068-F787-4CB9-B5A8-DB6B9860B1CA}.Release|Any CPU.Build.0 = Release|Any CPU
		{B1168068-F787-4CB9-B5A8-DB6B9860B1CA}.Release|ARM.ActiveCfg = Release|Any CPU
		{B1168068-F787-4CB9-B5A8-DB6B9860B1CA}.Release|ARM.Build.0 = Release|Any CPU
		{B1168068-F787-4CB9-B5A8-DB6B9860B1CA}.Release|ARM64.ActiveCfg = Release|Any CPU
		{B1168068-F787-4CB9-B5A8-DB6B9860B1CA}.Release|ARM64.Build.0 = Release|Any CPU
		{B1168068-F787-4CB9-B5A8-DB6B9860B1CA}.Release|x64.ActiveCfg = Release|Any CPU
		{B1168068-F787-4CB9-B5A8-DB6B9860B1CA}.Release|x64.Build.0 = Release|Any CPU
		{B1168068-F787-4CB9-B5A8-DB6B9860B1CA}.Release|x86.ActiveCfg = Release|Any CPU
		{B1168068-F787-4CB9-B5A8-DB6B9860B1CA}.Release|x86.Build.0 = Release|Any CPU
		{AE295709-5EB1-45B7-A9C8-36FC089138F1}.Debug|Any CPU.ActiveCfg = Debug|Any CPU
		{AE295709-5EB1-45B7-A9C8-36FC089138F1}.Debug|Any CPU.Build.0 = Debug|Any CPU
		{AE295709-5EB1-45B7-A9C8-36FC089138F1}.Debug|Any CPU.Deploy.0 = Debug|Any CPU
		{AE295709-5EB1-45B7-A9C8-36FC089138F1}.Debug|ARM.ActiveCfg = Debug|Any CPU
		{AE295709-5EB1-45B7-A9C8-36FC089138F1}.Debug|ARM.Build.0 = Debug|Any CPU
		{AE295709-5EB1-45B7-A9C8-36FC089138F1}.Debug|ARM.Deploy.0 = Debug|Any CPU
		{AE295709-5EB1-45B7-A9C8-36FC089138F1}.Debug|ARM64.ActiveCfg = Debug|Any CPU
		{AE295709-5EB1-45B7-A9C8-36FC089138F1}.Debug|ARM64.Build.0 = Debug|Any CPU
		{AE295709-5EB1-45B7-A9C8-36FC089138F1}.Debug|ARM64.Deploy.0 = Debug|Any CPU
		{AE295709-5EB1-45B7-A9C8-36FC089138F1}.Debug|x64.ActiveCfg = Debug|Any CPU
		{AE295709-5EB1-45B7-A9C8-36FC089138F1}.Debug|x64.Build.0 = Debug|Any CPU
		{AE295709-5EB1-45B7-A9C8-36FC089138F1}.Debug|x64.Deploy.0 = Debug|Any CPU
		{AE295709-5EB1-45B7-A9C8-36FC089138F1}.Debug|x86.ActiveCfg = Debug|Any CPU
		{AE295709-5EB1-45B7-A9C8-36FC089138F1}.Debug|x86.Build.0 = Debug|Any CPU
		{AE295709-5EB1-45B7-A9C8-36FC089138F1}.Debug|x86.Deploy.0 = Debug|Any CPU
		{AE295709-5EB1-45B7-A9C8-36FC089138F1}.Release|Any CPU.ActiveCfg = Release|Any CPU
		{AE295709-5EB1-45B7-A9C8-36FC089138F1}.Release|Any CPU.Build.0 = Release|Any CPU
		{AE295709-5EB1-45B7-A9C8-36FC089138F1}.Release|Any CPU.Deploy.0 = Release|Any CPU
		{AE295709-5EB1-45B7-A9C8-36FC089138F1}.Release|ARM.ActiveCfg = Release|Any CPU
		{AE295709-5EB1-45B7-A9C8-36FC089138F1}.Release|ARM.Build.0 = Release|Any CPU
		{AE295709-5EB1-45B7-A9C8-36FC089138F1}.Release|ARM.Deploy.0 = Release|Any CPU
		{AE295709-5EB1-45B7-A9C8-36FC089138F1}.Release|ARM64.ActiveCfg = Release|Any CPU
		{AE295709-5EB1-45B7-A9C8-36FC089138F1}.Release|ARM64.Build.0 = Release|Any CPU
		{AE295709-5EB1-45B7-A9C8-36FC089138F1}.Release|ARM64.Deploy.0 = Release|Any CPU
		{AE295709-5EB1-45B7-A9C8-36FC089138F1}.Release|x64.ActiveCfg = Release|Any CPU
		{AE295709-5EB1-45B7-A9C8-36FC089138F1}.Release|x64.Build.0 = Release|Any CPU
		{AE295709-5EB1-45B7-A9C8-36FC089138F1}.Release|x64.Deploy.0 = Release|Any CPU
		{AE295709-5EB1-45B7-A9C8-36FC089138F1}.Release|x86.ActiveCfg = Release|Any CPU
		{AE295709-5EB1-45B7-A9C8-36FC089138F1}.Release|x86.Build.0 = Release|Any CPU
		{AE295709-5EB1-45B7-A9C8-36FC089138F1}.Release|x86.Deploy.0 = Release|Any CPU
		{77FED5E0-E61E-42F3-BC74-267A90FFA1D3}.Debug|Any CPU.ActiveCfg = Debug|x64
		{77FED5E0-E61E-42F3-BC74-267A90FFA1D3}.Debug|Any CPU.Build.0 = Debug|x64
		{77FED5E0-E61E-42F3-BC74-267A90FFA1D3}.Debug|Any CPU.Deploy.0 = Debug|x64
		{77FED5E0-E61E-42F3-BC74-267A90FFA1D3}.Debug|ARM.ActiveCfg = Debug|ARM
		{77FED5E0-E61E-42F3-BC74-267A90FFA1D3}.Debug|ARM.Build.0 = Debug|ARM
		{77FED5E0-E61E-42F3-BC74-267A90FFA1D3}.Debug|ARM.Deploy.0 = Debug|ARM
		{77FED5E0-E61E-42F3-BC74-267A90FFA1D3}.Debug|ARM64.ActiveCfg = Debug|ARM64
		{77FED5E0-E61E-42F3-BC74-267A90FFA1D3}.Debug|ARM64.Build.0 = Debug|ARM64
		{77FED5E0-E61E-42F3-BC74-267A90FFA1D3}.Debug|ARM64.Deploy.0 = Debug|ARM64
		{77FED5E0-E61E-42F3-BC74-267A90FFA1D3}.Debug|x64.ActiveCfg = Debug|x64
		{77FED5E0-E61E-42F3-BC74-267A90FFA1D3}.Debug|x64.Build.0 = Debug|x64
		{77FED5E0-E61E-42F3-BC74-267A90FFA1D3}.Debug|x64.Deploy.0 = Debug|x64
		{77FED5E0-E61E-42F3-BC74-267A90FFA1D3}.Debug|x86.ActiveCfg = Debug|x86
		{77FED5E0-E61E-42F3-BC74-267A90FFA1D3}.Debug|x86.Build.0 = Debug|x86
		{77FED5E0-E61E-42F3-BC74-267A90FFA1D3}.Debug|x86.Deploy.0 = Debug|x86
		{77FED5E0-E61E-42F3-BC74-267A90FFA1D3}.Release|Any CPU.ActiveCfg = Release|x64
		{77FED5E0-E61E-42F3-BC74-267A90FFA1D3}.Release|Any CPU.Build.0 = Release|x64
		{77FED5E0-E61E-42F3-BC74-267A90FFA1D3}.Release|Any CPU.Deploy.0 = Release|x64
		{77FED5E0-E61E-42F3-BC74-267A90FFA1D3}.Release|ARM.ActiveCfg = Release|ARM
		{77FED5E0-E61E-42F3-BC74-267A90FFA1D3}.Release|ARM.Build.0 = Release|ARM
		{77FED5E0-E61E-42F3-BC74-267A90FFA1D3}.Release|ARM.Deploy.0 = Release|ARM
		{77FED5E0-E61E-42F3-BC74-267A90FFA1D3}.Release|ARM64.ActiveCfg = Release|ARM64
		{77FED5E0-E61E-42F3-BC74-267A90FFA1D3}.Release|ARM64.Build.0 = Release|ARM64
		{77FED5E0-E61E-42F3-BC74-267A90FFA1D3}.Release|ARM64.Deploy.0 = Release|ARM64
		{77FED5E0-E61E-42F3-BC74-267A90FFA1D3}.Release|x64.ActiveCfg = Release|x64
		{77FED5E0-E61E-42F3-BC74-267A90FFA1D3}.Release|x64.Build.0 = Release|x64
		{77FED5E0-E61E-42F3-BC74-267A90FFA1D3}.Release|x64.Deploy.0 = Release|x64
		{77FED5E0-E61E-42F3-BC74-267A90FFA1D3}.Release|x86.ActiveCfg = Release|x86
		{77FED5E0-E61E-42F3-BC74-267A90FFA1D3}.Release|x86.Build.0 = Release|x86
		{77FED5E0-E61E-42F3-BC74-267A90FFA1D3}.Release|x86.Deploy.0 = Release|x86
		{A4738FAA-374D-4679-845A-7F5DDFEF7259}.Debug|Any CPU.ActiveCfg = Debug|Any CPU
		{A4738FAA-374D-4679-845A-7F5DDFEF7259}.Debug|Any CPU.Build.0 = Debug|Any CPU
		{A4738FAA-374D-4679-845A-7F5DDFEF7259}.Debug|ARM.ActiveCfg = Debug|Any CPU
		{A4738FAA-374D-4679-845A-7F5DDFEF7259}.Debug|ARM.Build.0 = Debug|Any CPU
		{A4738FAA-374D-4679-845A-7F5DDFEF7259}.Debug|ARM64.ActiveCfg = Debug|Any CPU
		{A4738FAA-374D-4679-845A-7F5DDFEF7259}.Debug|ARM64.Build.0 = Debug|Any CPU
		{A4738FAA-374D-4679-845A-7F5DDFEF7259}.Debug|x64.ActiveCfg = Debug|Any CPU
		{A4738FAA-374D-4679-845A-7F5DDFEF7259}.Debug|x64.Build.0 = Debug|Any CPU
		{A4738FAA-374D-4679-845A-7F5DDFEF7259}.Debug|x86.ActiveCfg = Debug|Any CPU
		{A4738FAA-374D-4679-845A-7F5DDFEF7259}.Debug|x86.Build.0 = Debug|Any CPU
		{A4738FAA-374D-4679-845A-7F5DDFEF7259}.Release|Any CPU.ActiveCfg = Release|Any CPU
		{A4738FAA-374D-4679-845A-7F5DDFEF7259}.Release|Any CPU.Build.0 = Release|Any CPU
		{A4738FAA-374D-4679-845A-7F5DDFEF7259}.Release|ARM.ActiveCfg = Release|Any CPU
		{A4738FAA-374D-4679-845A-7F5DDFEF7259}.Release|ARM.Build.0 = Release|Any CPU
		{A4738FAA-374D-4679-845A-7F5DDFEF7259}.Release|ARM64.ActiveCfg = Release|Any CPU
		{A4738FAA-374D-4679-845A-7F5DDFEF7259}.Release|ARM64.Build.0 = Release|Any CPU
		{A4738FAA-374D-4679-845A-7F5DDFEF7259}.Release|x64.ActiveCfg = Release|Any CPU
		{A4738FAA-374D-4679-845A-7F5DDFEF7259}.Release|x64.Build.0 = Release|Any CPU
		{A4738FAA-374D-4679-845A-7F5DDFEF7259}.Release|x86.ActiveCfg = Release|Any CPU
		{A4738FAA-374D-4679-845A-7F5DDFEF7259}.Release|x86.Build.0 = Release|Any CPU
		{9BA68E77-3566-4BEF-A668-F92FEFC3485F}.Debug|Any CPU.ActiveCfg = Debug|Any CPU
		{9BA68E77-3566-4BEF-A668-F92FEFC3485F}.Debug|Any CPU.Build.0 = Debug|Any CPU
		{9BA68E77-3566-4BEF-A668-F92FEFC3485F}.Debug|ARM.ActiveCfg = Debug|Any CPU
		{9BA68E77-3566-4BEF-A668-F92FEFC3485F}.Debug|ARM.Build.0 = Debug|Any CPU
		{9BA68E77-3566-4BEF-A668-F92FEFC3485F}.Debug|ARM64.ActiveCfg = Debug|Any CPU
		{9BA68E77-3566-4BEF-A668-F92FEFC3485F}.Debug|ARM64.Build.0 = Debug|Any CPU
		{9BA68E77-3566-4BEF-A668-F92FEFC3485F}.Debug|x64.ActiveCfg = Debug|Any CPU
		{9BA68E77-3566-4BEF-A668-F92FEFC3485F}.Debug|x64.Build.0 = Debug|Any CPU
		{9BA68E77-3566-4BEF-A668-F92FEFC3485F}.Debug|x86.ActiveCfg = Debug|Any CPU
		{9BA68E77-3566-4BEF-A668-F92FEFC3485F}.Debug|x86.Build.0 = Debug|Any CPU
		{9BA68E77-3566-4BEF-A668-F92FEFC3485F}.Release|Any CPU.ActiveCfg = Release|Any CPU
		{9BA68E77-3566-4BEF-A668-F92FEFC3485F}.Release|Any CPU.Build.0 = Release|Any CPU
		{9BA68E77-3566-4BEF-A668-F92FEFC3485F}.Release|ARM.ActiveCfg = Release|Any CPU
		{9BA68E77-3566-4BEF-A668-F92FEFC3485F}.Release|ARM.Build.0 = Release|Any CPU
		{9BA68E77-3566-4BEF-A668-F92FEFC3485F}.Release|ARM64.ActiveCfg = Release|Any CPU
		{9BA68E77-3566-4BEF-A668-F92FEFC3485F}.Release|ARM64.Build.0 = Release|Any CPU
		{9BA68E77-3566-4BEF-A668-F92FEFC3485F}.Release|x64.ActiveCfg = Release|Any CPU
		{9BA68E77-3566-4BEF-A668-F92FEFC3485F}.Release|x64.Build.0 = Release|Any CPU
		{9BA68E77-3566-4BEF-A668-F92FEFC3485F}.Release|x86.ActiveCfg = Release|Any CPU
		{9BA68E77-3566-4BEF-A668-F92FEFC3485F}.Release|x86.Build.0 = Release|Any CPU
		{A63DF43C-1975-46BD-AA63-24DB72517854}.Debug|Any CPU.ActiveCfg = Debug|Any CPU
		{A63DF43C-1975-46BD-AA63-24DB72517854}.Debug|Any CPU.Build.0 = Debug|Any CPU
		{A63DF43C-1975-46BD-AA63-24DB72517854}.Debug|ARM.ActiveCfg = Debug|Any CPU
		{A63DF43C-1975-46BD-AA63-24DB72517854}.Debug|ARM.Build.0 = Debug|Any CPU
		{A63DF43C-1975-46BD-AA63-24DB72517854}.Debug|ARM64.ActiveCfg = Debug|Any CPU
		{A63DF43C-1975-46BD-AA63-24DB72517854}.Debug|ARM64.Build.0 = Debug|Any CPU
		{A63DF43C-1975-46BD-AA63-24DB72517854}.Debug|x64.ActiveCfg = Debug|Any CPU
		{A63DF43C-1975-46BD-AA63-24DB72517854}.Debug|x64.Build.0 = Debug|Any CPU
		{A63DF43C-1975-46BD-AA63-24DB72517854}.Debug|x86.ActiveCfg = Debug|Any CPU
		{A63DF43C-1975-46BD-AA63-24DB72517854}.Debug|x86.Build.0 = Debug|Any CPU
		{A63DF43C-1975-46BD-AA63-24DB72517854}.Release|Any CPU.ActiveCfg = Release|Any CPU
		{A63DF43C-1975-46BD-AA63-24DB72517854}.Release|Any CPU.Build.0 = Release|Any CPU
		{A63DF43C-1975-46BD-AA63-24DB72517854}.Release|ARM.ActiveCfg = Release|Any CPU
		{A63DF43C-1975-46BD-AA63-24DB72517854}.Release|ARM.Build.0 = Release|Any CPU
		{A63DF43C-1975-46BD-AA63-24DB72517854}.Release|ARM64.ActiveCfg = Release|Any CPU
		{A63DF43C-1975-46BD-AA63-24DB72517854}.Release|ARM64.Build.0 = Release|Any CPU
		{A63DF43C-1975-46BD-AA63-24DB72517854}.Release|x64.ActiveCfg = Release|Any CPU
		{A63DF43C-1975-46BD-AA63-24DB72517854}.Release|x64.Build.0 = Release|Any CPU
		{A63DF43C-1975-46BD-AA63-24DB72517854}.Release|x86.ActiveCfg = Release|Any CPU
		{A63DF43C-1975-46BD-AA63-24DB72517854}.Release|x86.Build.0 = Release|Any CPU
	EndGlobalSection
	GlobalSection(SolutionProperties) = preSolution
		HideSolutionNode = FALSE
	EndGlobalSection
	GlobalSection(ExtensibilityGlobals) = postSolution
		SolutionGuid = {AF47C61A-EC8C-4E1E-9A7F-031A0A739D56}
	EndGlobalSection
	GlobalSection(SharedMSBuildProjectFiles) = preSolution
		DarkSky\DarkSky.Shared\DarkSky.Shared.projitems*{6279c845-92f8-4333-ab99-3d213163593c}*SharedItemsImports = 13
		DarkSky\DarkSky.Shared\DarkSky.Shared.projitems*{77fed5e0-e61e-42f3-bc74-267a90ffa1d3}*SharedItemsImports = 4
		DarkSky\DarkSky.Shared\DarkSky.Shared.projitems*{9ba68e77-3566-4bef-a668-f92fefc3485f}*SharedItemsImports = 5
		DarkSky\DarkSky.Shared\DarkSky.Shared.projitems*{a4738faa-374d-4679-845a-7f5ddfef7259}*SharedItemsImports = 5
		DarkSky\DarkSky.Shared\DarkSky.Shared.projitems*{a63df43c-1975-46bd-aa63-24db72517854}*SharedItemsImports = 5
		DarkSky\DarkSky.Shared\DarkSky.Shared.projitems*{ae295709-5eb1-45b7-a9c8-36fc089138f1}*SharedItemsImports = 5
	EndGlobalSection
EndGlobal
